// !$*UTF8*$!
{
	archiveVersion = 1;
	classes = {
	};
	objectVersion = 55;
	objects = {

/* Begin PBXBuildFile section */
		0A3DBE7B2736A06C009D8EF7 /* StartWorkoutViewModel.swift in Sources */ = {isa = PBXBuildFile; fileRef = 0A3DBE7A2736A06C009D8EF7 /* StartWorkoutViewModel.swift */; };
		0AC4BB2627360CB000024D5F /* CountdownViewModel.swift in Sources */ = {isa = PBXBuildFile; fileRef = 0AC4BB2127360CB000024D5F /* CountdownViewModel.swift */; };
		0AC4BB2727360CB000024D5F /* Countdown.swift in Sources */ = {isa = PBXBuildFile; fileRef = 0AC4BB2327360CB000024D5F /* Countdown.swift */; };
		0AC4BB2827360CB000024D5F /* CountdownView.swift in Sources */ = {isa = PBXBuildFile; fileRef = 0AC4BB2527360CB000024D5F /* CountdownView.swift */; };
		0AC4BB2927360CC800024D5F /* CountdownViewModel.swift in Sources */ = {isa = PBXBuildFile; fileRef = 0AC4BB2127360CB000024D5F /* CountdownViewModel.swift */; };
		0AC4BB2A27360CC800024D5F /* CountdownView.swift in Sources */ = {isa = PBXBuildFile; fileRef = 0AC4BB2527360CB000024D5F /* CountdownView.swift */; };
		0AC4BB2B27360CE000024D5F /* Countdown.swift in Sources */ = {isa = PBXBuildFile; fileRef = 0AC4BB2327360CB000024D5F /* Countdown.swift */; };
		0AC4BB2D273697CB00024D5F /* StartWorkout.swift in Sources */ = {isa = PBXBuildFile; fileRef = 0AC4BB2C273697CB00024D5F /* StartWorkout.swift */; };
		0AC4BB2E2736995800024D5F /* projectRunApp.swift in Sources */ = {isa = PBXBuildFile; fileRef = EE8F1D1C273594DD00C3308E /* projectRunApp.swift */; };
		0AC4BB3027369A2200024D5F /* WorkoutView.swift in Sources */ = {isa = PBXBuildFile; fileRef = 0AC4BB2F27369A2200024D5F /* WorkoutView.swift */; };
		256CD50727361C1C00EA0E26 /* WorkoutView.swift in Sources */ = {isa = PBXBuildFile; fileRef = 256CD50627361C1C00EA0E26 /* WorkoutView.swift */; };
		256CD50927361C4A00EA0E26 /* CardModifier.swift in Sources */ = {isa = PBXBuildFile; fileRef = 256CD50827361C4A00EA0E26 /* CardModifier.swift */; };
		632F87262735C767008F2A5F /* Assets.xcassets in Resources */ = {isa = PBXBuildFile; fileRef = 632F87252735C767008F2A5F /* Assets.xcassets */; };
		632F872C2735C767008F2A5F /* projectRunWatch WatchKit Extension.appex in Embed App Extensions */ = {isa = PBXBuildFile; fileRef = 632F872B2735C767008F2A5F /* projectRunWatch WatchKit Extension.appex */; settings = {ATTRIBUTES = (RemoveHeadersOnCopy, ); }; };
		632F87332735C767008F2A5F /* ContentView.swift in Sources */ = {isa = PBXBuildFile; fileRef = 632F87322735C767008F2A5F /* ContentView.swift */; };
		632F87352735C767008F2A5F /* NotificationController.swift in Sources */ = {isa = PBXBuildFile; fileRef = 632F87342735C767008F2A5F /* NotificationController.swift */; };
		632F87372735C767008F2A5F /* NotificationView.swift in Sources */ = {isa = PBXBuildFile; fileRef = 632F87362735C767008F2A5F /* NotificationView.swift */; };
		632F87392735C767008F2A5F /* ComplicationController.swift in Sources */ = {isa = PBXBuildFile; fileRef = 632F87382735C767008F2A5F /* ComplicationController.swift */; };
		632F873B2735C768008F2A5F /* Assets.xcassets in Resources */ = {isa = PBXBuildFile; fileRef = 632F873A2735C768008F2A5F /* Assets.xcassets */; };
		632F873E2735C768008F2A5F /* Preview Assets.xcassets in Resources */ = {isa = PBXBuildFile; fileRef = 632F873D2735C768008F2A5F /* Preview Assets.xcassets */; };
		632F87432735C768008F2A5F /* projectRunWatch.app in Embed Watch Content */ = {isa = PBXBuildFile; fileRef = 632F87232735C766008F2A5F /* projectRunWatch.app */; settings = {ATTRIBUTES = (RemoveHeadersOnCopy, ); }; };
		632F874D2735C7E8008F2A5F /* Assets.xcassets in Resources */ = {isa = PBXBuildFile; fileRef = EE8F1D20273594DF00C3308E /* Assets.xcassets */; };
		632F87552735C9A6008F2A5F /* HealthKit.framework in Frameworks */ = {isa = PBXBuildFile; fileRef = 632F87542735C9A6008F2A5F /* HealthKit.framework */; };
		632F87582735C9B1008F2A5F /* HealthKit.framework in Frameworks */ = {isa = PBXBuildFile; fileRef = 632F87572735C9B1008F2A5F /* HealthKit.framework */; };
		632F875A2735CD4B008F2A5F /* HealthKitManagerWatch.swift in Sources */ = {isa = PBXBuildFile; fileRef = 632F87592735CD4B008F2A5F /* HealthKitManagerWatch.swift */; };
		632F875C2735D60A008F2A5F /* MetricsView.swift in Sources */ = {isa = PBXBuildFile; fileRef = 632F875B2735D60A008F2A5F /* MetricsView.swift */; };
		632F875E2735D8CA008F2A5F /* ElapsedTimeView.swift in Sources */ = {isa = PBXBuildFile; fileRef = 632F875D2735D8CA008F2A5F /* ElapsedTimeView.swift */; };
		632F87602735DC9F008F2A5F /* WorkoutManager.swift in Sources */ = {isa = PBXBuildFile; fileRef = 632F875F2735DC9F008F2A5F /* WorkoutManager.swift */; };
		EE88541327361A64008F4312 /* ResultView.swift in Sources */ = {isa = PBXBuildFile; fileRef = EE88541127361A64008F4312 /* ResultView.swift */; };
		EE88541427361A64008F4312 /* ResultMapView.swift in Sources */ = {isa = PBXBuildFile; fileRef = EE88541227361A64008F4312 /* ResultMapView.swift */; };
		EE88541927361A9B008F4312 /* Workout.swift in Sources */ = {isa = PBXBuildFile; fileRef = EE88541627361A9B008F4312 /* Workout.swift */; };
		EE88541A27361A9B008F4312 /* Serie.swift in Sources */ = {isa = PBXBuildFile; fileRef = EE88541727361A9B008F4312 /* Serie.swift */; };
		EE88541B27361A9B008F4312 /* ChartView.swift in Sources */ = {isa = PBXBuildFile; fileRef = EE88541827361A9B008F4312 /* ChartView.swift */; };
		EE8F1D1D273594DD00C3308E /* projectRunApp.swift in Sources */ = {isa = PBXBuildFile; fileRef = EE8F1D1C273594DD00C3308E /* projectRunApp.swift */; };
		EE8F1D1F273594DD00C3308E /* ContentView.swift in Sources */ = {isa = PBXBuildFile; fileRef = EE8F1D1E273594DD00C3308E /* ContentView.swift */; };
		EE8F1D21273594DF00C3308E /* Assets.xcassets in Resources */ = {isa = PBXBuildFile; fileRef = EE8F1D20273594DF00C3308E /* Assets.xcassets */; };
		EE8F1D24273594DF00C3308E /* Preview Assets.xcassets in Resources */ = {isa = PBXBuildFile; fileRef = EE8F1D23273594DF00C3308E /* Preview Assets.xcassets */; };
		EE8F1D26273594DF00C3308E /* Persistence.swift in Sources */ = {isa = PBXBuildFile; fileRef = EE8F1D25273594DF00C3308E /* Persistence.swift */; };
		EE8F1D29273594DF00C3308E /* projectRun.xcdatamodeld in Sources */ = {isa = PBXBuildFile; fileRef = EE8F1D27273594DF00C3308E /* projectRun.xcdatamodeld */; };
		EE8F1D33273594DF00C3308E /* projectRunTests.swift in Sources */ = {isa = PBXBuildFile; fileRef = EE8F1D32273594DF00C3308E /* projectRunTests.swift */; };
		EE8F1D3D273594DF00C3308E /* projectRunUITests.swift in Sources */ = {isa = PBXBuildFile; fileRef = EE8F1D3C273594DF00C3308E /* projectRunUITests.swift */; };
		EE8F1D3F273594DF00C3308E /* projectRunUITestsLaunchTests.swift in Sources */ = {isa = PBXBuildFile; fileRef = EE8F1D3E273594DF00C3308E /* projectRunUITestsLaunchTests.swift */; };
		EE8F1D572735EBAE00C3308E /* RoundedCorners.swift in Sources */ = {isa = PBXBuildFile; fileRef = EE8F1D562735EBAE00C3308E /* RoundedCorners.swift */; };
/* End PBXBuildFile section */

/* Begin PBXContainerItemProxy section */
		632F872D2735C767008F2A5F /* PBXContainerItemProxy */ = {
			isa = PBXContainerItemProxy;
			containerPortal = EE8F1D11273594DD00C3308E /* Project object */;
			proxyType = 1;
			remoteGlobalIDString = 632F872A2735C767008F2A5F;
			remoteInfo = "projectRunWatch WatchKit Extension";
		};
		632F87412735C768008F2A5F /* PBXContainerItemProxy */ = {
			isa = PBXContainerItemProxy;
			containerPortal = EE8F1D11273594DD00C3308E /* Project object */;
			proxyType = 1;
			remoteGlobalIDString = 632F87222735C766008F2A5F;
			remoteInfo = projectRunWatch;
		};
		EE8F1D2F273594DF00C3308E /* PBXContainerItemProxy */ = {
			isa = PBXContainerItemProxy;
			containerPortal = EE8F1D11273594DD00C3308E /* Project object */;
			proxyType = 1;
			remoteGlobalIDString = EE8F1D18273594DD00C3308E;
			remoteInfo = projectRun;
		};
		EE8F1D39273594DF00C3308E /* PBXContainerItemProxy */ = {
			isa = PBXContainerItemProxy;
			containerPortal = EE8F1D11273594DD00C3308E /* Project object */;
			proxyType = 1;
			remoteGlobalIDString = EE8F1D18273594DD00C3308E;
			remoteInfo = projectRun;
		};
/* End PBXContainerItemProxy section */

/* Begin PBXCopyFilesBuildPhase section */
		632F87442735C768008F2A5F /* Embed Watch Content */ = {
			isa = PBXCopyFilesBuildPhase;
			buildActionMask = 2147483647;
			dstPath = "$(CONTENTS_FOLDER_PATH)/Watch";
			dstSubfolderSpec = 16;
			files = (
				632F87432735C768008F2A5F /* projectRunWatch.app in Embed Watch Content */,
			);
			name = "Embed Watch Content";
			runOnlyForDeploymentPostprocessing = 0;
		};
		632F87472735C768008F2A5F /* Embed App Extensions */ = {
			isa = PBXCopyFilesBuildPhase;
			buildActionMask = 2147483647;
			dstPath = "";
			dstSubfolderSpec = 13;
			files = (
				632F872C2735C767008F2A5F /* projectRunWatch WatchKit Extension.appex in Embed App Extensions */,
			);
			name = "Embed App Extensions";
			runOnlyForDeploymentPostprocessing = 0;
		};
/* End PBXCopyFilesBuildPhase section */

/* Begin PBXFileReference section */
		0A3DBE7A2736A06C009D8EF7 /* StartWorkoutViewModel.swift */ = {isa = PBXFileReference; lastKnownFileType = sourcecode.swift; path = StartWorkoutViewModel.swift; sourceTree = "<group>"; };
		0AC4BB2127360CB000024D5F /* CountdownViewModel.swift */ = {isa = PBXFileReference; fileEncoding = 4; lastKnownFileType = sourcecode.swift; path = CountdownViewModel.swift; sourceTree = "<group>"; };
		0AC4BB2327360CB000024D5F /* Countdown.swift */ = {isa = PBXFileReference; fileEncoding = 4; lastKnownFileType = sourcecode.swift; path = Countdown.swift; sourceTree = "<group>"; };
		0AC4BB2527360CB000024D5F /* CountdownView.swift */ = {isa = PBXFileReference; fileEncoding = 4; lastKnownFileType = sourcecode.swift; path = CountdownView.swift; sourceTree = "<group>"; };
		0AC4BB2C273697CB00024D5F /* StartWorkout.swift */ = {isa = PBXFileReference; lastKnownFileType = sourcecode.swift; path = StartWorkout.swift; sourceTree = "<group>"; };
		0AC4BB2F27369A2200024D5F /* WorkoutView.swift */ = {isa = PBXFileReference; lastKnownFileType = sourcecode.swift; path = WorkoutView.swift; sourceTree = "<group>"; };
		256CD50627361C1C00EA0E26 /* WorkoutView.swift */ = {isa = PBXFileReference; fileEncoding = 4; lastKnownFileType = sourcecode.swift; path = WorkoutView.swift; sourceTree = "<group>"; };
		256CD50827361C4A00EA0E26 /* CardModifier.swift */ = {isa = PBXFileReference; fileEncoding = 4; lastKnownFileType = sourcecode.swift; path = CardModifier.swift; sourceTree = "<group>"; };
		632F87232735C766008F2A5F /* projectRunWatch.app */ = {isa = PBXFileReference; explicitFileType = wrapper.application; includeInIndex = 0; path = projectRunWatch.app; sourceTree = BUILT_PRODUCTS_DIR; };
		632F87252735C767008F2A5F /* Assets.xcassets */ = {isa = PBXFileReference; lastKnownFileType = folder.assetcatalog; path = Assets.xcassets; sourceTree = "<group>"; };
		632F872B2735C767008F2A5F /* projectRunWatch WatchKit Extension.appex */ = {isa = PBXFileReference; explicitFileType = "wrapper.app-extension"; includeInIndex = 0; path = "projectRunWatch WatchKit Extension.appex"; sourceTree = BUILT_PRODUCTS_DIR; };
		632F87322735C767008F2A5F /* ContentView.swift */ = {isa = PBXFileReference; lastKnownFileType = sourcecode.swift; path = ContentView.swift; sourceTree = "<group>"; };
		632F87342735C767008F2A5F /* NotificationController.swift */ = {isa = PBXFileReference; lastKnownFileType = sourcecode.swift; path = NotificationController.swift; sourceTree = "<group>"; };
		632F87362735C767008F2A5F /* NotificationView.swift */ = {isa = PBXFileReference; lastKnownFileType = sourcecode.swift; path = NotificationView.swift; sourceTree = "<group>"; };
		632F87382735C767008F2A5F /* ComplicationController.swift */ = {isa = PBXFileReference; lastKnownFileType = sourcecode.swift; path = ComplicationController.swift; sourceTree = "<group>"; };
		632F873A2735C768008F2A5F /* Assets.xcassets */ = {isa = PBXFileReference; lastKnownFileType = folder.assetcatalog; path = Assets.xcassets; sourceTree = "<group>"; };
		632F873D2735C768008F2A5F /* Preview Assets.xcassets */ = {isa = PBXFileReference; lastKnownFileType = folder.assetcatalog; path = "Preview Assets.xcassets"; sourceTree = "<group>"; };
		632F873F2735C768008F2A5F /* Info.plist */ = {isa = PBXFileReference; lastKnownFileType = text.plist.xml; path = Info.plist; sourceTree = "<group>"; };
		632F87402735C768008F2A5F /* PushNotificationPayload.apns */ = {isa = PBXFileReference; lastKnownFileType = text; path = PushNotificationPayload.apns; sourceTree = "<group>"; };
		632F87522735C9A6008F2A5F /* projectRunWatch WatchKit Extension.entitlements */ = {isa = PBXFileReference; lastKnownFileType = text.plist.entitlements; path = "projectRunWatch WatchKit Extension.entitlements"; sourceTree = "<group>"; };
		632F87542735C9A6008F2A5F /* HealthKit.framework */ = {isa = PBXFileReference; lastKnownFileType = wrapper.framework; name = HealthKit.framework; path = Platforms/WatchOS.platform/Developer/SDKs/WatchOS8.0.sdk/System/Library/Frameworks/HealthKit.framework; sourceTree = DEVELOPER_DIR; };
		632F87562735C9B1008F2A5F /* projectRun.entitlements */ = {isa = PBXFileReference; lastKnownFileType = text.plist.entitlements; path = projectRun.entitlements; sourceTree = "<group>"; };
		632F87572735C9B1008F2A5F /* HealthKit.framework */ = {isa = PBXFileReference; lastKnownFileType = wrapper.framework; name = HealthKit.framework; path = System/Library/Frameworks/HealthKit.framework; sourceTree = SDKROOT; };
		632F87592735CD4B008F2A5F /* HealthKitManagerWatch.swift */ = {isa = PBXFileReference; lastKnownFileType = sourcecode.swift; path = HealthKitManagerWatch.swift; sourceTree = "<group>"; };
		632F875B2735D60A008F2A5F /* MetricsView.swift */ = {isa = PBXFileReference; lastKnownFileType = sourcecode.swift; path = MetricsView.swift; sourceTree = "<group>"; };
		632F875D2735D8CA008F2A5F /* ElapsedTimeView.swift */ = {isa = PBXFileReference; lastKnownFileType = sourcecode.swift; path = ElapsedTimeView.swift; sourceTree = "<group>"; };
		632F875F2735DC9F008F2A5F /* WorkoutManager.swift */ = {isa = PBXFileReference; lastKnownFileType = sourcecode.swift; path = WorkoutManager.swift; sourceTree = "<group>"; };
		EE88541127361A64008F4312 /* ResultView.swift */ = {isa = PBXFileReference; fileEncoding = 4; lastKnownFileType = sourcecode.swift; path = ResultView.swift; sourceTree = "<group>"; };
		EE88541227361A64008F4312 /* ResultMapView.swift */ = {isa = PBXFileReference; fileEncoding = 4; lastKnownFileType = sourcecode.swift; path = ResultMapView.swift; sourceTree = "<group>"; };
		EE88541627361A9B008F4312 /* Workout.swift */ = {isa = PBXFileReference; fileEncoding = 4; lastKnownFileType = sourcecode.swift; path = Workout.swift; sourceTree = "<group>"; };
		EE88541727361A9B008F4312 /* Serie.swift */ = {isa = PBXFileReference; fileEncoding = 4; lastKnownFileType = sourcecode.swift; path = Serie.swift; sourceTree = "<group>"; };
		EE88541827361A9B008F4312 /* ChartView.swift */ = {isa = PBXFileReference; fileEncoding = 4; lastKnownFileType = sourcecode.swift; path = ChartView.swift; sourceTree = "<group>"; };
		EE8F1D19273594DD00C3308E /* projectRun.app */ = {isa = PBXFileReference; explicitFileType = wrapper.application; includeInIndex = 0; path = projectRun.app; sourceTree = BUILT_PRODUCTS_DIR; };
		EE8F1D1C273594DD00C3308E /* projectRunApp.swift */ = {isa = PBXFileReference; lastKnownFileType = sourcecode.swift; path = projectRunApp.swift; sourceTree = "<group>"; };
		EE8F1D1E273594DD00C3308E /* ContentView.swift */ = {isa = PBXFileReference; lastKnownFileType = sourcecode.swift; path = ContentView.swift; sourceTree = "<group>"; };
		EE8F1D20273594DF00C3308E /* Assets.xcassets */ = {isa = PBXFileReference; lastKnownFileType = folder.assetcatalog; path = Assets.xcassets; sourceTree = "<group>"; };
		EE8F1D23273594DF00C3308E /* Preview Assets.xcassets */ = {isa = PBXFileReference; lastKnownFileType = folder.assetcatalog; path = "Preview Assets.xcassets"; sourceTree = "<group>"; };
		EE8F1D25273594DF00C3308E /* Persistence.swift */ = {isa = PBXFileReference; lastKnownFileType = sourcecode.swift; path = Persistence.swift; sourceTree = "<group>"; };
		EE8F1D28273594DF00C3308E /* projectRun.xcdatamodel */ = {isa = PBXFileReference; lastKnownFileType = wrapper.xcdatamodel; path = projectRun.xcdatamodel; sourceTree = "<group>"; };
		EE8F1D2E273594DF00C3308E /* projectRunTests.xctest */ = {isa = PBXFileReference; explicitFileType = wrapper.cfbundle; includeInIndex = 0; path = projectRunTests.xctest; sourceTree = BUILT_PRODUCTS_DIR; };
		EE8F1D32273594DF00C3308E /* projectRunTests.swift */ = {isa = PBXFileReference; lastKnownFileType = sourcecode.swift; path = projectRunTests.swift; sourceTree = "<group>"; };
		EE8F1D38273594DF00C3308E /* projectRunUITests.xctest */ = {isa = PBXFileReference; explicitFileType = wrapper.cfbundle; includeInIndex = 0; path = projectRunUITests.xctest; sourceTree = BUILT_PRODUCTS_DIR; };
		EE8F1D3C273594DF00C3308E /* projectRunUITests.swift */ = {isa = PBXFileReference; lastKnownFileType = sourcecode.swift; path = projectRunUITests.swift; sourceTree = "<group>"; };
		EE8F1D3E273594DF00C3308E /* projectRunUITestsLaunchTests.swift */ = {isa = PBXFileReference; lastKnownFileType = sourcecode.swift; path = projectRunUITestsLaunchTests.swift; sourceTree = "<group>"; };
		EE8F1D562735EBAE00C3308E /* RoundedCorners.swift */ = {isa = PBXFileReference; lastKnownFileType = sourcecode.swift; path = RoundedCorners.swift; sourceTree = "<group>"; };
/* End PBXFileReference section */

/* Begin PBXFrameworksBuildPhase section */
		632F87282735C767008F2A5F /* Frameworks */ = {
			isa = PBXFrameworksBuildPhase;
			buildActionMask = 2147483647;
			files = (
				632F87552735C9A6008F2A5F /* HealthKit.framework in Frameworks */,
			);
			runOnlyForDeploymentPostprocessing = 0;
		};
		EE8F1D16273594DD00C3308E /* Frameworks */ = {
			isa = PBXFrameworksBuildPhase;
			buildActionMask = 2147483647;
			files = (
				632F87582735C9B1008F2A5F /* HealthKit.framework in Frameworks */,
			);
			runOnlyForDeploymentPostprocessing = 0;
		};
		EE8F1D2B273594DF00C3308E /* Frameworks */ = {
			isa = PBXFrameworksBuildPhase;
			buildActionMask = 2147483647;
			files = (
			);
			runOnlyForDeploymentPostprocessing = 0;
		};
		EE8F1D35273594DF00C3308E /* Frameworks */ = {
			isa = PBXFrameworksBuildPhase;
			buildActionMask = 2147483647;
			files = (
			);
			runOnlyForDeploymentPostprocessing = 0;
		};
/* End PBXFrameworksBuildPhase section */

/* Begin PBXGroup section */
		0AC4BB1F27360CB000024D5F /* CountDown */ = {
			isa = PBXGroup;
			children = (
				0AC4BB2027360CB000024D5F /* ViewModels */,
				0AC4BB2227360CB000024D5F /* Models */,
				0AC4BB2427360CB000024D5F /* Views */,
			);
			path = CountDown;
			sourceTree = "<group>";
		};
		0AC4BB2027360CB000024D5F /* ViewModels */ = {
			isa = PBXGroup;
			children = (
				0AC4BB2127360CB000024D5F /* CountdownViewModel.swift */,
			);
			path = ViewModels;
			sourceTree = "<group>";
		};
		0AC4BB2227360CB000024D5F /* Models */ = {
			isa = PBXGroup;
			children = (
				0AC4BB2327360CB000024D5F /* Countdown.swift */,
			);
			path = Models;
			sourceTree = "<group>";
		};
		0AC4BB2427360CB000024D5F /* Views */ = {
			isa = PBXGroup;
			children = (
				0AC4BB2527360CB000024D5F /* CountdownView.swift */,
			);
			path = Views;
			sourceTree = "<group>";
		};
		632F87242735C766008F2A5F /* projectRunWatch */ = {
			isa = PBXGroup;
			children = (
				632F87252735C767008F2A5F /* Assets.xcassets */,
			);
			path = projectRunWatch;
			sourceTree = "<group>";
		};
		632F872F2735C767008F2A5F /* projectRunWatch WatchKit Extension */ = {
			isa = PBXGroup;
			children = (
				632F87522735C9A6008F2A5F /* projectRunWatch WatchKit Extension.entitlements */,
				632F87322735C767008F2A5F /* ContentView.swift */,
				632F875B2735D60A008F2A5F /* MetricsView.swift */,
				632F875F2735DC9F008F2A5F /* WorkoutManager.swift */,
				632F875D2735D8CA008F2A5F /* ElapsedTimeView.swift */,
				632F87592735CD4B008F2A5F /* HealthKitManagerWatch.swift */,
				632F87342735C767008F2A5F /* NotificationController.swift */,
				632F87362735C767008F2A5F /* NotificationView.swift */,
				632F87382735C767008F2A5F /* ComplicationController.swift */,
				632F873A2735C768008F2A5F /* Assets.xcassets */,
				632F873F2735C768008F2A5F /* Info.plist */,
				632F87402735C768008F2A5F /* PushNotificationPayload.apns */,
				632F873C2735C768008F2A5F /* Preview Content */,
				0AC4BB2C273697CB00024D5F /* StartWorkout.swift */,
				0AC4BB2F27369A2200024D5F /* WorkoutView.swift */,
				0A3DBE7A2736A06C009D8EF7 /* StartWorkoutViewModel.swift */,
			);
			path = "projectRunWatch WatchKit Extension";
			sourceTree = "<group>";
		};
		632F873C2735C768008F2A5F /* Preview Content */ = {
			isa = PBXGroup;
			children = (
				632F873D2735C768008F2A5F /* Preview Assets.xcassets */,
			);
			path = "Preview Content";
			sourceTree = "<group>";
		};
		632F87532735C9A6008F2A5F /* Frameworks */ = {
			isa = PBXGroup;
			children = (
				632F87572735C9B1008F2A5F /* HealthKit.framework */,
				632F87542735C9A6008F2A5F /* HealthKit.framework */,
			);
			name = Frameworks;
			sourceTree = "<group>";
		};
		EE88540B27361966008F4312 /* Views */ = {
			isa = PBXGroup;
			children = (
				256CD50627361C1C00EA0E26 /* WorkoutView.swift */,
			);
			path = Views;
			sourceTree = "<group>";
		};
		EE88540F27361A64008F4312 /* Results */ = {
			isa = PBXGroup;
			children = (
				EE88541027361A64008F4312 /* Views */,
			);
			path = Results;
			sourceTree = "<group>";
		};
		EE88541027361A64008F4312 /* Views */ = {
			isa = PBXGroup;
			children = (
				EE88541127361A64008F4312 /* ResultView.swift */,
				EE88541227361A64008F4312 /* ResultMapView.swift */,
			);
			path = Views;
			sourceTree = "<group>";
		};
		EE88541527361A9B008F4312 /* Models */ = {
			isa = PBXGroup;
			children = (
				EE88541627361A9B008F4312 /* Workout.swift */,
				EE88541727361A9B008F4312 /* Serie.swift */,
			);
			path = Models;
			sourceTree = "<group>";
		};
		EE8F1D10273594DD00C3308E = {
			isa = PBXGroup;
			children = (
				EE8F1D1B273594DD00C3308E /* projectRun */,
				EE8F1D31273594DF00C3308E /* projectRunTests */,
				EE8F1D3B273594DF00C3308E /* projectRunUITests */,
				632F87242735C766008F2A5F /* projectRunWatch */,
				632F872F2735C767008F2A5F /* projectRunWatch WatchKit Extension */,
				EE8F1D1A273594DD00C3308E /* Products */,
				632F87532735C9A6008F2A5F /* Frameworks */,
			);
			sourceTree = "<group>";
		};
		EE8F1D1A273594DD00C3308E /* Products */ = {
			isa = PBXGroup;
			children = (
				EE8F1D19273594DD00C3308E /* projectRun.app */,
				EE8F1D2E273594DF00C3308E /* projectRunTests.xctest */,
				EE8F1D38273594DF00C3308E /* projectRunUITests.xctest */,
				632F87232735C766008F2A5F /* projectRunWatch.app */,
				632F872B2735C767008F2A5F /* projectRunWatch WatchKit Extension.appex */,
			);
			name = Products;
			sourceTree = "<group>";
		};
		EE8F1D1B273594DD00C3308E /* projectRun */ = {
			isa = PBXGroup;
			children = (
				632F87562735C9B1008F2A5F /* projectRun.entitlements */,
				EE8F1D4F2735955900C3308E /* Core */,
				EE8F1D502735956000C3308E /* Features */,
				EE8F1D4E2735954D00C3308E /* Repositories */,
				EE8F1D1C273594DD00C3308E /* projectRunApp.swift */,
				EE8F1D1E273594DD00C3308E /* ContentView.swift */,
				EE8F1D20273594DF00C3308E /* Assets.xcassets */,
				EE8F1D25273594DF00C3308E /* Persistence.swift */,
				EE8F1D27273594DF00C3308E /* projectRun.xcdatamodeld */,
				EE8F1D22273594DF00C3308E /* Preview Content */,
			);
			path = projectRun;
			sourceTree = "<group>";
		};
		EE8F1D22273594DF00C3308E /* Preview Content */ = {
			isa = PBXGroup;
			children = (
				EE8F1D23273594DF00C3308E /* Preview Assets.xcassets */,
			);
			path = "Preview Content";
			sourceTree = "<group>";
		};
		EE8F1D31273594DF00C3308E /* projectRunTests */ = {
			isa = PBXGroup;
			children = (
				EE8F1D32273594DF00C3308E /* projectRunTests.swift */,
			);
			path = projectRunTests;
			sourceTree = "<group>";
		};
		EE8F1D3B273594DF00C3308E /* projectRunUITests */ = {
			isa = PBXGroup;
			children = (
				EE8F1D3C273594DF00C3308E /* projectRunUITests.swift */,
				EE8F1D3E273594DF00C3308E /* projectRunUITestsLaunchTests.swift */,
			);
			path = projectRunUITests;
			sourceTree = "<group>";
		};
		EE8F1D4C2735953800C3308E /* Models */ = {
			isa = PBXGroup;
			children = (
			);
			path = Models;
			sourceTree = "<group>";
		};
		EE8F1D4D2735954100C3308E /* ViewModels */ = {
			isa = PBXGroup;
			children = (
			);
			path = ViewModels;
			sourceTree = "<group>";
		};
		EE8F1D4E2735954D00C3308E /* Repositories */ = {
			isa = PBXGroup;
			children = (
			);
			path = Repositories;
			sourceTree = "<group>";
		};
		EE8F1D4F2735955900C3308E /* Core */ = {
			isa = PBXGroup;
			children = (
				EE88541827361A9B008F4312 /* ChartView.swift */,
				EE88541527361A9B008F4312 /* Models */,
				EE8F1D552735EB9900C3308E /* CustomModifiers */,
			);
			path = Core;
			sourceTree = "<group>";
		};
		EE8F1D502735956000C3308E /* Features */ = {
			isa = PBXGroup;
			children = (
				EE88540F27361A64008F4312 /* Results */,
				0AC4BB1F27360CB000024D5F /* CountDown */,
				EE8F1D512735958F00C3308E /* Workouts */,
			);
			path = Features;
			sourceTree = "<group>";
		};
		EE8F1D512735958F00C3308E /* Workouts */ = {
			isa = PBXGroup;
			children = (
				EE8F1D4D2735954100C3308E /* ViewModels */,
				EE8F1D4C2735953800C3308E /* Models */,
				EE88540B27361966008F4312 /* Views */,
			);
			path = Workouts;
			sourceTree = "<group>";
		};
		EE8F1D552735EB9900C3308E /* CustomModifiers */ = {
			isa = PBXGroup;
			children = (
				256CD50827361C4A00EA0E26 /* CardModifier.swift */,
				EE8F1D562735EBAE00C3308E /* RoundedCorners.swift */,
			);
			path = CustomModifiers;
			sourceTree = "<group>";
		};
/* End PBXGroup section */

/* Begin PBXNativeTarget section */
		632F87222735C766008F2A5F /* projectRunWatch */ = {
			isa = PBXNativeTarget;
			buildConfigurationList = 632F874B2735C768008F2A5F /* Build configuration list for PBXNativeTarget "projectRunWatch" */;
			buildPhases = (
				632F87212735C766008F2A5F /* Resources */,
				632F87472735C768008F2A5F /* Embed App Extensions */,
			);
			buildRules = (
			);
			dependencies = (
				632F872E2735C767008F2A5F /* PBXTargetDependency */,
			);
			name = projectRunWatch;
			productName = projectRunWatch;
			productReference = 632F87232735C766008F2A5F /* projectRunWatch.app */;
			productType = "com.apple.product-type.application.watchapp2";
		};
		632F872A2735C767008F2A5F /* projectRunWatch WatchKit Extension */ = {
			isa = PBXNativeTarget;
			buildConfigurationList = 632F874A2735C768008F2A5F /* Build configuration list for PBXNativeTarget "projectRunWatch WatchKit Extension" */;
			buildPhases = (
				632F87272735C767008F2A5F /* Sources */,
				632F87282735C767008F2A5F /* Frameworks */,
				632F87292735C767008F2A5F /* Resources */,
			);
			buildRules = (
			);
			dependencies = (
			);
			name = "projectRunWatch WatchKit Extension";
			productName = "projectRunWatch WatchKit Extension";
			productReference = 632F872B2735C767008F2A5F /* projectRunWatch WatchKit Extension.appex */;
			productType = "com.apple.product-type.watchkit2-extension";
		};
		EE8F1D18273594DD00C3308E /* projectRun */ = {
			isa = PBXNativeTarget;
			buildConfigurationList = EE8F1D42273594DF00C3308E /* Build configuration list for PBXNativeTarget "projectRun" */;
			buildPhases = (
				EE8F1D15273594DD00C3308E /* Sources */,
				EE8F1D16273594DD00C3308E /* Frameworks */,
				EE8F1D17273594DD00C3308E /* Resources */,
				632F87442735C768008F2A5F /* Embed Watch Content */,
			);
			buildRules = (
			);
			dependencies = (
				632F87422735C768008F2A5F /* PBXTargetDependency */,
			);
			name = projectRun;
			productName = projectRun;
			productReference = EE8F1D19273594DD00C3308E /* projectRun.app */;
			productType = "com.apple.product-type.application";
		};
		EE8F1D2D273594DF00C3308E /* projectRunTests */ = {
			isa = PBXNativeTarget;
			buildConfigurationList = EE8F1D45273594DF00C3308E /* Build configuration list for PBXNativeTarget "projectRunTests" */;
			buildPhases = (
				EE8F1D2A273594DF00C3308E /* Sources */,
				EE8F1D2B273594DF00C3308E /* Frameworks */,
				EE8F1D2C273594DF00C3308E /* Resources */,
			);
			buildRules = (
			);
			dependencies = (
				EE8F1D30273594DF00C3308E /* PBXTargetDependency */,
			);
			name = projectRunTests;
			productName = projectRunTests;
			productReference = EE8F1D2E273594DF00C3308E /* projectRunTests.xctest */;
			productType = "com.apple.product-type.bundle.unit-test";
		};
		EE8F1D37273594DF00C3308E /* projectRunUITests */ = {
			isa = PBXNativeTarget;
			buildConfigurationList = EE8F1D48273594DF00C3308E /* Build configuration list for PBXNativeTarget "projectRunUITests" */;
			buildPhases = (
				EE8F1D34273594DF00C3308E /* Sources */,
				EE8F1D35273594DF00C3308E /* Frameworks */,
				EE8F1D36273594DF00C3308E /* Resources */,
			);
			buildRules = (
			);
			dependencies = (
				EE8F1D3A273594DF00C3308E /* PBXTargetDependency */,
			);
			name = projectRunUITests;
			productName = projectRunUITests;
			productReference = EE8F1D38273594DF00C3308E /* projectRunUITests.xctest */;
			productType = "com.apple.product-type.bundle.ui-testing";
		};
/* End PBXNativeTarget section */

/* Begin PBXProject section */
		EE8F1D11273594DD00C3308E /* Project object */ = {
			isa = PBXProject;
			attributes = {
				BuildIndependentTargetsInParallel = 1;
				LastSwiftUpdateCheck = 1300;
				LastUpgradeCheck = 1310;
				TargetAttributes = {
					632F87222735C766008F2A5F = {
						CreatedOnToolsVersion = 13.0;
					};
					632F872A2735C767008F2A5F = {
						CreatedOnToolsVersion = 13.0;
					};
					EE8F1D18273594DD00C3308E = {
						CreatedOnToolsVersion = 13.1;
					};
					EE8F1D2D273594DF00C3308E = {
						CreatedOnToolsVersion = 13.1;
						TestTargetID = EE8F1D18273594DD00C3308E;
					};
					EE8F1D37273594DF00C3308E = {
						CreatedOnToolsVersion = 13.1;
						TestTargetID = EE8F1D18273594DD00C3308E;
					};
				};
			};
			buildConfigurationList = EE8F1D14273594DD00C3308E /* Build configuration list for PBXProject "projectRun" */;
			compatibilityVersion = "Xcode 13.0";
			developmentRegion = en;
			hasScannedForEncodings = 0;
			knownRegions = (
				en,
				Base,
			);
			mainGroup = EE8F1D10273594DD00C3308E;
			productRefGroup = EE8F1D1A273594DD00C3308E /* Products */;
			projectDirPath = "";
			projectRoot = "";
			targets = (
				EE8F1D18273594DD00C3308E /* projectRun */,
				EE8F1D2D273594DF00C3308E /* projectRunTests */,
				EE8F1D37273594DF00C3308E /* projectRunUITests */,
				632F87222735C766008F2A5F /* projectRunWatch */,
				632F872A2735C767008F2A5F /* projectRunWatch WatchKit Extension */,
			);
		};
/* End PBXProject section */

/* Begin PBXResourcesBuildPhase section */
		632F87212735C766008F2A5F /* Resources */ = {
			isa = PBXResourcesBuildPhase;
			buildActionMask = 2147483647;
			files = (
				632F87262735C767008F2A5F /* Assets.xcassets in Resources */,
			);
			runOnlyForDeploymentPostprocessing = 0;
		};
		632F87292735C767008F2A5F /* Resources */ = {
			isa = PBXResourcesBuildPhase;
			buildActionMask = 2147483647;
			files = (
				632F873E2735C768008F2A5F /* Preview Assets.xcassets in Resources */,
				632F874D2735C7E8008F2A5F /* Assets.xcassets in Resources */,
				632F873B2735C768008F2A5F /* Assets.xcassets in Resources */,
			);
			runOnlyForDeploymentPostprocessing = 0;
		};
		EE8F1D17273594DD00C3308E /* Resources */ = {
			isa = PBXResourcesBuildPhase;
			buildActionMask = 2147483647;
			files = (
				EE8F1D24273594DF00C3308E /* Preview Assets.xcassets in Resources */,
				EE8F1D21273594DF00C3308E /* Assets.xcassets in Resources */,
			);
			runOnlyForDeploymentPostprocessing = 0;
		};
		EE8F1D2C273594DF00C3308E /* Resources */ = {
			isa = PBXResourcesBuildPhase;
			buildActionMask = 2147483647;
			files = (
			);
			runOnlyForDeploymentPostprocessing = 0;
		};
		EE8F1D36273594DF00C3308E /* Resources */ = {
			isa = PBXResourcesBuildPhase;
			buildActionMask = 2147483647;
			files = (
			);
			runOnlyForDeploymentPostprocessing = 0;
		};
/* End PBXResourcesBuildPhase section */

/* Begin PBXSourcesBuildPhase section */
		632F87272735C767008F2A5F /* Sources */ = {
			isa = PBXSourcesBuildPhase;
			buildActionMask = 2147483647;
			files = (
				0AC4BB3027369A2200024D5F /* WorkoutView.swift in Sources */,
				0AC4BB2A27360CC800024D5F /* CountdownView.swift in Sources */,
				632F875E2735D8CA008F2A5F /* ElapsedTimeView.swift in Sources */,
				632F875A2735CD4B008F2A5F /* HealthKitManagerWatch.swift in Sources */,
				0AC4BB2927360CC800024D5F /* CountdownViewModel.swift in Sources */,
				632F87602735DC9F008F2A5F /* WorkoutManager.swift in Sources */,
				632F875C2735D60A008F2A5F /* MetricsView.swift in Sources */,
				0A3DBE7B2736A06C009D8EF7 /* StartWorkoutViewModel.swift in Sources */,
				0AC4BB2D273697CB00024D5F /* StartWorkout.swift in Sources */,
				632F87352735C767008F2A5F /* NotificationController.swift in Sources */,
				632F87332735C767008F2A5F /* ContentView.swift in Sources */,
				632F87392735C767008F2A5F /* ComplicationController.swift in Sources */,
				0AC4BB2E2736995800024D5F /* projectRunApp.swift in Sources */,
				632F87372735C767008F2A5F /* NotificationView.swift in Sources */,
				0AC4BB2B27360CE000024D5F /* Countdown.swift in Sources */,
			);
			runOnlyForDeploymentPostprocessing = 0;
		};
		EE8F1D15273594DD00C3308E /* Sources */ = {
			isa = PBXSourcesBuildPhase;
			buildActionMask = 2147483647;
			files = (
				256CD50727361C1C00EA0E26 /* WorkoutView.swift in Sources */,
				EE8F1D572735EBAE00C3308E /* RoundedCorners.swift in Sources */,
				EE88541B27361A9B008F4312 /* ChartView.swift in Sources */,
				EE8F1D26273594DF00C3308E /* Persistence.swift in Sources */,
				EE88541A27361A9B008F4312 /* Serie.swift in Sources */,
				EE88541327361A64008F4312 /* ResultView.swift in Sources */,
				EE8F1D1F273594DD00C3308E /* ContentView.swift in Sources */,
				EE88541427361A64008F4312 /* ResultMapView.swift in Sources */,
				0AC4BB2627360CB000024D5F /* CountdownViewModel.swift in Sources */,
				EE88541927361A9B008F4312 /* Workout.swift in Sources */,
				0AC4BB2827360CB000024D5F /* CountdownView.swift in Sources */,
				256CD50927361C4A00EA0E26 /* CardModifier.swift in Sources */,
				EE8F1D1D273594DD00C3308E /* projectRunApp.swift in Sources */,
				EE8F1D29273594DF00C3308E /* projectRun.xcdatamodeld in Sources */,
				0AC4BB2727360CB000024D5F /* Countdown.swift in Sources */,
			);
			runOnlyForDeploymentPostprocessing = 0;
		};
		EE8F1D2A273594DF00C3308E /* Sources */ = {
			isa = PBXSourcesBuildPhase;
			buildActionMask = 2147483647;
			files = (
				EE8F1D33273594DF00C3308E /* projectRunTests.swift in Sources */,
			);
			runOnlyForDeploymentPostprocessing = 0;
		};
		EE8F1D34273594DF00C3308E /* Sources */ = {
			isa = PBXSourcesBuildPhase;
			buildActionMask = 2147483647;
			files = (
				EE8F1D3F273594DF00C3308E /* projectRunUITestsLaunchTests.swift in Sources */,
				EE8F1D3D273594DF00C3308E /* projectRunUITests.swift in Sources */,
			);
			runOnlyForDeploymentPostprocessing = 0;
		};
/* End PBXSourcesBuildPhase section */

/* Begin PBXTargetDependency section */
		632F872E2735C767008F2A5F /* PBXTargetDependency */ = {
			isa = PBXTargetDependency;
			target = 632F872A2735C767008F2A5F /* projectRunWatch WatchKit Extension */;
			targetProxy = 632F872D2735C767008F2A5F /* PBXContainerItemProxy */;
		};
		632F87422735C768008F2A5F /* PBXTargetDependency */ = {
			isa = PBXTargetDependency;
			target = 632F87222735C766008F2A5F /* projectRunWatch */;
			targetProxy = 632F87412735C768008F2A5F /* PBXContainerItemProxy */;
		};
		EE8F1D30273594DF00C3308E /* PBXTargetDependency */ = {
			isa = PBXTargetDependency;
			target = EE8F1D18273594DD00C3308E /* projectRun */;
			targetProxy = EE8F1D2F273594DF00C3308E /* PBXContainerItemProxy */;
		};
		EE8F1D3A273594DF00C3308E /* PBXTargetDependency */ = {
			isa = PBXTargetDependency;
			target = EE8F1D18273594DD00C3308E /* projectRun */;
			targetProxy = EE8F1D39273594DF00C3308E /* PBXContainerItemProxy */;
		};
/* End PBXTargetDependency section */

/* Begin XCBuildConfiguration section */
		632F87452735C768008F2A5F /* Debug */ = {
			isa = XCBuildConfiguration;
			buildSettings = {
				ALWAYS_EMBED_SWIFT_STANDARD_LIBRARIES = YES;
				ASSETCATALOG_COMPILER_APPICON_NAME = AppIcon;
				ASSETCATALOG_COMPILER_GLOBAL_ACCENT_COLOR_NAME = AccentColor;
				CODE_SIGN_STYLE = Automatic;
				CURRENT_PROJECT_VERSION = 1;
				DEVELOPMENT_TEAM = 437V95VV9R;
				GENERATE_INFOPLIST_FILE = YES;
				IBSC_MODULE = projectRunWatch_WatchKit_Extension;
				INFOPLIST_KEY_CFBundleDisplayName = projectRunWatch;
				INFOPLIST_KEY_UISupportedInterfaceOrientations = "UIInterfaceOrientationPortrait UIInterfaceOrientationPortraitUpsideDown";
				INFOPLIST_KEY_WKCompanionAppBundleIdentifier = com.libranner.projectRun;
				MARKETING_VERSION = 1.0;
				PRODUCT_BUNDLE_IDENTIFIER = com.libranner.projectRun.watchkitapp;
				PRODUCT_NAME = "$(TARGET_NAME)";
				SDKROOT = watchos;
				SKIP_INSTALL = YES;
				SWIFT_EMIT_LOC_STRINGS = YES;
				SWIFT_VERSION = 5.0;
				TARGETED_DEVICE_FAMILY = 4;
				WATCHOS_DEPLOYMENT_TARGET = 8.0;
			};
			name = Debug;
		};
		632F87462735C768008F2A5F /* Release */ = {
			isa = XCBuildConfiguration;
			buildSettings = {
				ALWAYS_EMBED_SWIFT_STANDARD_LIBRARIES = YES;
				ASSETCATALOG_COMPILER_APPICON_NAME = AppIcon;
				ASSETCATALOG_COMPILER_GLOBAL_ACCENT_COLOR_NAME = AccentColor;
				CODE_SIGN_STYLE = Automatic;
				CURRENT_PROJECT_VERSION = 1;
				DEVELOPMENT_TEAM = 437V95VV9R;
				GENERATE_INFOPLIST_FILE = YES;
				IBSC_MODULE = projectRunWatch_WatchKit_Extension;
				INFOPLIST_KEY_CFBundleDisplayName = projectRunWatch;
				INFOPLIST_KEY_UISupportedInterfaceOrientations = "UIInterfaceOrientationPortrait UIInterfaceOrientationPortraitUpsideDown";
				INFOPLIST_KEY_WKCompanionAppBundleIdentifier = com.libranner.projectRun;
				MARKETING_VERSION = 1.0;
				PRODUCT_BUNDLE_IDENTIFIER = com.libranner.projectRun.watchkitapp;
				PRODUCT_NAME = "$(TARGET_NAME)";
				SDKROOT = watchos;
				SKIP_INSTALL = YES;
				SWIFT_EMIT_LOC_STRINGS = YES;
				SWIFT_VERSION = 5.0;
				TARGETED_DEVICE_FAMILY = 4;
				WATCHOS_DEPLOYMENT_TARGET = 8.0;
			};
			name = Release;
		};
		632F87482735C768008F2A5F /* Debug */ = {
			isa = XCBuildConfiguration;
			buildSettings = {
				ASSETCATALOG_COMPILER_COMPLICATION_NAME = Complication;
				CODE_SIGN_ENTITLEMENTS = "projectRunWatch WatchKit Extension/projectRunWatch WatchKit Extension.entitlements";
				CODE_SIGN_STYLE = Automatic;
				CURRENT_PROJECT_VERSION = 1;
				DEVELOPMENT_ASSET_PATHS = "\"projectRunWatch WatchKit Extension/Preview Content\"";
				DEVELOPMENT_TEAM = 437V95VV9R;
				ENABLE_PREVIEWS = YES;
				GENERATE_INFOPLIST_FILE = YES;
				INFOPLIST_FILE = "projectRunWatch WatchKit Extension/Info.plist";
				INFOPLIST_KEY_CFBundleDisplayName = "projectRunWatch WatchKit Extension";
				INFOPLIST_KEY_CLKComplicationPrincipalClass = projectRunWatch_WatchKit_Extension.ComplicationController;
				INFOPLIST_KEY_NSHealthClinicalHealthRecordsShareUsageDescription = "This app needs HealthKit";
				INFOPLIST_KEY_NSHealthShareUsageDescription = "This app needs HealthKit";
				INFOPLIST_KEY_NSHealthUpdateUsageDescription = "This app needs HealthKit";
				INFOPLIST_KEY_NSHumanReadableCopyright = "";
				INFOPLIST_KEY_WKRunsIndependentlyOfCompanionApp = YES;
				LD_RUNPATH_SEARCH_PATHS = (
					"$(inherited)",
					"@executable_path/Frameworks",
					"@executable_path/../../Frameworks",
				);
				MARKETING_VERSION = 1.0;
				PRODUCT_BUNDLE_IDENTIFIER = com.libranner.projectRun.watchkitapp.watchkitextension;
				PRODUCT_NAME = "${TARGET_NAME}";
				SDKROOT = watchos;
				SKIP_INSTALL = YES;
				SWIFT_EMIT_LOC_STRINGS = YES;
				SWIFT_VERSION = 5.0;
				TARGETED_DEVICE_FAMILY = 4;
				WATCHOS_DEPLOYMENT_TARGET = 8.0;
			};
			name = Debug;
		};
		632F87492735C768008F2A5F /* Release */ = {
			isa = XCBuildConfiguration;
			buildSettings = {
				ASSETCATALOG_COMPILER_COMPLICATION_NAME = Complication;
				CODE_SIGN_ENTITLEMENTS = "projectRunWatch WatchKit Extension/projectRunWatch WatchKit Extension.entitlements";
				CODE_SIGN_STYLE = Automatic;
				CURRENT_PROJECT_VERSION = 1;
				DEVELOPMENT_ASSET_PATHS = "\"projectRunWatch WatchKit Extension/Preview Content\"";
				DEVELOPMENT_TEAM = 437V95VV9R;
				ENABLE_PREVIEWS = YES;
				GENERATE_INFOPLIST_FILE = YES;
				INFOPLIST_FILE = "projectRunWatch WatchKit Extension/Info.plist";
				INFOPLIST_KEY_CFBundleDisplayName = "projectRunWatch WatchKit Extension";
				INFOPLIST_KEY_CLKComplicationPrincipalClass = projectRunWatch_WatchKit_Extension.ComplicationController;
				INFOPLIST_KEY_NSHealthClinicalHealthRecordsShareUsageDescription = "This app needs HealthKit";
				INFOPLIST_KEY_NSHealthShareUsageDescription = "This app needs HealthKit";
				INFOPLIST_KEY_NSHealthUpdateUsageDescription = "This app needs HealthKit";
				INFOPLIST_KEY_NSHumanReadableCopyright = "";
				INFOPLIST_KEY_WKRunsIndependentlyOfCompanionApp = YES;
				LD_RUNPATH_SEARCH_PATHS = (
					"$(inherited)",
					"@executable_path/Frameworks",
					"@executable_path/../../Frameworks",
				);
				MARKETING_VERSION = 1.0;
				PRODUCT_BUNDLE_IDENTIFIER = com.libranner.projectRun.watchkitapp.watchkitextension;
				PRODUCT_NAME = "${TARGET_NAME}";
				SDKROOT = watchos;
				SKIP_INSTALL = YES;
				SWIFT_EMIT_LOC_STRINGS = YES;
				SWIFT_VERSION = 5.0;
				TARGETED_DEVICE_FAMILY = 4;
				WATCHOS_DEPLOYMENT_TARGET = 8.0;
			};
			name = Release;
		};
		EE8F1D40273594DF00C3308E /* Debug */ = {
			isa = XCBuildConfiguration;
			buildSettings = {
				ALWAYS_SEARCH_USER_PATHS = NO;
				CLANG_ANALYZER_NONNULL = YES;
				CLANG_ANALYZER_NUMBER_OBJECT_CONVERSION = YES_AGGRESSIVE;
				CLANG_CXX_LANGUAGE_STANDARD = "gnu++17";
				CLANG_CXX_LIBRARY = "libc++";
				CLANG_ENABLE_MODULES = YES;
				CLANG_ENABLE_OBJC_ARC = YES;
				CLANG_ENABLE_OBJC_WEAK = YES;
				CLANG_WARN_BLOCK_CAPTURE_AUTORELEASING = YES;
				CLANG_WARN_BOOL_CONVERSION = YES;
				CLANG_WARN_COMMA = YES;
				CLANG_WARN_CONSTANT_CONVERSION = YES;
				CLANG_WARN_DEPRECATED_OBJC_IMPLEMENTATIONS = YES;
				CLANG_WARN_DIRECT_OBJC_ISA_USAGE = YES_ERROR;
				CLANG_WARN_DOCUMENTATION_COMMENTS = YES;
				CLANG_WARN_EMPTY_BODY = YES;
				CLANG_WARN_ENUM_CONVERSION = YES;
				CLANG_WARN_INFINITE_RECURSION = YES;
				CLANG_WARN_INT_CONVERSION = YES;
				CLANG_WARN_NON_LITERAL_NULL_CONVERSION = YES;
				CLANG_WARN_OBJC_IMPLICIT_RETAIN_SELF = YES;
				CLANG_WARN_OBJC_LITERAL_CONVERSION = YES;
				CLANG_WARN_OBJC_ROOT_CLASS = YES_ERROR;
				CLANG_WARN_QUOTED_INCLUDE_IN_FRAMEWORK_HEADER = YES;
				CLANG_WARN_RANGE_LOOP_ANALYSIS = YES;
				CLANG_WARN_STRICT_PROTOTYPES = YES;
				CLANG_WARN_SUSPICIOUS_MOVE = YES;
				CLANG_WARN_UNGUARDED_AVAILABILITY = YES_AGGRESSIVE;
				CLANG_WARN_UNREACHABLE_CODE = YES;
				CLANG_WARN__DUPLICATE_METHOD_MATCH = YES;
				COPY_PHASE_STRIP = NO;
				DEBUG_INFORMATION_FORMAT = dwarf;
				ENABLE_STRICT_OBJC_MSGSEND = YES;
				ENABLE_TESTABILITY = YES;
				GCC_C_LANGUAGE_STANDARD = gnu11;
				GCC_DYNAMIC_NO_PIC = NO;
				GCC_NO_COMMON_BLOCKS = YES;
				GCC_OPTIMIZATION_LEVEL = 0;
				GCC_PREPROCESSOR_DEFINITIONS = (
					"DEBUG=1",
					"$(inherited)",
				);
				GCC_WARN_64_TO_32_BIT_CONVERSION = YES;
				GCC_WARN_ABOUT_RETURN_TYPE = YES_ERROR;
				GCC_WARN_UNDECLARED_SELECTOR = YES;
				GCC_WARN_UNINITIALIZED_AUTOS = YES_AGGRESSIVE;
				GCC_WARN_UNUSED_FUNCTION = YES;
				GCC_WARN_UNUSED_VARIABLE = YES;
				IPHONEOS_DEPLOYMENT_TARGET = 15.0;
				MTL_ENABLE_DEBUG_INFO = INCLUDE_SOURCE;
				MTL_FAST_MATH = YES;
				ONLY_ACTIVE_ARCH = YES;
				SDKROOT = iphoneos;
				SWIFT_ACTIVE_COMPILATION_CONDITIONS = DEBUG;
				SWIFT_OPTIMIZATION_LEVEL = "-Onone";
			};
			name = Debug;
		};
		EE8F1D41273594DF00C3308E /* Release */ = {
			isa = XCBuildConfiguration;
			buildSettings = {
				ALWAYS_SEARCH_USER_PATHS = NO;
				CLANG_ANALYZER_NONNULL = YES;
				CLANG_ANALYZER_NUMBER_OBJECT_CONVERSION = YES_AGGRESSIVE;
				CLANG_CXX_LANGUAGE_STANDARD = "gnu++17";
				CLANG_CXX_LIBRARY = "libc++";
				CLANG_ENABLE_MODULES = YES;
				CLANG_ENABLE_OBJC_ARC = YES;
				CLANG_ENABLE_OBJC_WEAK = YES;
				CLANG_WARN_BLOCK_CAPTURE_AUTORELEASING = YES;
				CLANG_WARN_BOOL_CONVERSION = YES;
				CLANG_WARN_COMMA = YES;
				CLANG_WARN_CONSTANT_CONVERSION = YES;
				CLANG_WARN_DEPRECATED_OBJC_IMPLEMENTATIONS = YES;
				CLANG_WARN_DIRECT_OBJC_ISA_USAGE = YES_ERROR;
				CLANG_WARN_DOCUMENTATION_COMMENTS = YES;
				CLANG_WARN_EMPTY_BODY = YES;
				CLANG_WARN_ENUM_CONVERSION = YES;
				CLANG_WARN_INFINITE_RECURSION = YES;
				CLANG_WARN_INT_CONVERSION = YES;
				CLANG_WARN_NON_LITERAL_NULL_CONVERSION = YES;
				CLANG_WARN_OBJC_IMPLICIT_RETAIN_SELF = YES;
				CLANG_WARN_OBJC_LITERAL_CONVERSION = YES;
				CLANG_WARN_OBJC_ROOT_CLASS = YES_ERROR;
				CLANG_WARN_QUOTED_INCLUDE_IN_FRAMEWORK_HEADER = YES;
				CLANG_WARN_RANGE_LOOP_ANALYSIS = YES;
				CLANG_WARN_STRICT_PROTOTYPES = YES;
				CLANG_WARN_SUSPICIOUS_MOVE = YES;
				CLANG_WARN_UNGUARDED_AVAILABILITY = YES_AGGRESSIVE;
				CLANG_WARN_UNREACHABLE_CODE = YES;
				CLANG_WARN__DUPLICATE_METHOD_MATCH = YES;
				COPY_PHASE_STRIP = NO;
				DEBUG_INFORMATION_FORMAT = "dwarf-with-dsym";
				ENABLE_NS_ASSERTIONS = NO;
				ENABLE_STRICT_OBJC_MSGSEND = YES;
				GCC_C_LANGUAGE_STANDARD = gnu11;
				GCC_NO_COMMON_BLOCKS = YES;
				GCC_WARN_64_TO_32_BIT_CONVERSION = YES;
				GCC_WARN_ABOUT_RETURN_TYPE = YES_ERROR;
				GCC_WARN_UNDECLARED_SELECTOR = YES;
				GCC_WARN_UNINITIALIZED_AUTOS = YES_AGGRESSIVE;
				GCC_WARN_UNUSED_FUNCTION = YES;
				GCC_WARN_UNUSED_VARIABLE = YES;
				IPHONEOS_DEPLOYMENT_TARGET = 15.0;
				MTL_ENABLE_DEBUG_INFO = NO;
				MTL_FAST_MATH = YES;
				SDKROOT = iphoneos;
				SWIFT_COMPILATION_MODE = wholemodule;
				SWIFT_OPTIMIZATION_LEVEL = "-O";
				VALIDATE_PRODUCT = YES;
			};
			name = Release;
		};
		EE8F1D43273594DF00C3308E /* Debug */ = {
			isa = XCBuildConfiguration;
			buildSettings = {
				ASSETCATALOG_COMPILER_APPICON_NAME = AppIcon;
				ASSETCATALOG_COMPILER_GLOBAL_ACCENT_COLOR_NAME = AccentColor;
				CODE_SIGN_ENTITLEMENTS = projectRun/projectRun.entitlements;
				CODE_SIGN_STYLE = Automatic;
				CURRENT_PROJECT_VERSION = 1;
				DEVELOPMENT_ASSET_PATHS = "\"projectRun/Preview Content\"";
				DEVELOPMENT_TEAM = 437V95VV9R;
				ENABLE_PREVIEWS = YES;
				GENERATE_INFOPLIST_FILE = YES;
				INFOPLIST_KEY_NSHealthClinicalHealthRecordsShareUsageDescription = "This app uses HealthKit";
				INFOPLIST_KEY_NSHealthShareUsageDescription = "This app uses HealthKit";
				INFOPLIST_KEY_NSHealthUpdateUsageDescription = "This app uses HealthKit";
				INFOPLIST_KEY_UIApplicationSceneManifest_Generation = YES;
				INFOPLIST_KEY_UIApplicationSupportsIndirectInputEvents = YES;
				INFOPLIST_KEY_UILaunchScreen_Generation = YES;
				INFOPLIST_KEY_UISupportedInterfaceOrientations_iPad = "UIInterfaceOrientationPortrait UIInterfaceOrientationPortraitUpsideDown UIInterfaceOrientationLandscapeLeft UIInterfaceOrientationLandscapeRight";
				INFOPLIST_KEY_UISupportedInterfaceOrientations_iPhone = "UIInterfaceOrientationPortrait UIInterfaceOrientationLandscapeLeft UIInterfaceOrientationLandscapeRight";
				LD_RUNPATH_SEARCH_PATHS = (
					"$(inherited)",
					"@executable_path/Frameworks",
				);
				MARKETING_VERSION = 1.0;
				PRODUCT_BUNDLE_IDENTIFIER = com.libranner.projectRun;
				PRODUCT_NAME = "$(TARGET_NAME)";
				SWIFT_EMIT_LOC_STRINGS = YES;
				SWIFT_VERSION = 5.0;
				TARGETED_DEVICE_FAMILY = "1,2";
			};
			name = Debug;
		};
		EE8F1D44273594DF00C3308E /* Release */ = {
			isa = XCBuildConfiguration;
			buildSettings = {
				ASSETCATALOG_COMPILER_APPICON_NAME = AppIcon;
				ASSETCATALOG_COMPILER_GLOBAL_ACCENT_COLOR_NAME = AccentColor;
				CODE_SIGN_ENTITLEMENTS = projectRun/projectRun.entitlements;
				CODE_SIGN_STYLE = Automatic;
				CURRENT_PROJECT_VERSION = 1;
				DEVELOPMENT_ASSET_PATHS = "\"projectRun/Preview Content\"";
				DEVELOPMENT_TEAM = 437V95VV9R;
				ENABLE_PREVIEWS = YES;
				GENERATE_INFOPLIST_FILE = YES;
				INFOPLIST_KEY_NSHealthClinicalHealthRecordsShareUsageDescription = "This app uses HealthKit";
				INFOPLIST_KEY_NSHealthShareUsageDescription = "This app uses HealthKit";
				INFOPLIST_KEY_NSHealthUpdateUsageDescription = "This app uses HealthKit";
				INFOPLIST_KEY_UIApplicationSceneManifest_Generation = YES;
				INFOPLIST_KEY_UIApplicationSupportsIndirectInputEvents = YES;
				INFOPLIST_KEY_UILaunchScreen_Generation = YES;
				INFOPLIST_KEY_UISupportedInterfaceOrientations_iPad = "UIInterfaceOrientationPortrait UIInterfaceOrientationPortraitUpsideDown UIInterfaceOrientationLandscapeLeft UIInterfaceOrientationLandscapeRight";
				INFOPLIST_KEY_UISupportedInterfaceOrientations_iPhone = "UIInterfaceOrientationPortrait UIInterfaceOrientationLandscapeLeft UIInterfaceOrientationLandscapeRight";
				LD_RUNPATH_SEARCH_PATHS = (
					"$(inherited)",
					"@executable_path/Frameworks",
				);
				MARKETING_VERSION = 1.0;
				PRODUCT_BUNDLE_IDENTIFIER = com.libranner.projectRun;
				PRODUCT_NAME = "$(TARGET_NAME)";
				SWIFT_EMIT_LOC_STRINGS = YES;
				SWIFT_VERSION = 5.0;
				TARGETED_DEVICE_FAMILY = "1,2";
			};
			name = Release;
		};
		EE8F1D46273594DF00C3308E /* Debug */ = {
			isa = XCBuildConfiguration;
			buildSettings = {
				ALWAYS_EMBED_SWIFT_STANDARD_LIBRARIES = YES;
				BUNDLE_LOADER = "$(TEST_HOST)";
				CODE_SIGN_STYLE = Automatic;
				CURRENT_PROJECT_VERSION = 1;
				DEVELOPMENT_TEAM = 437V95VV9R;
				GENERATE_INFOPLIST_FILE = YES;
				IPHONEOS_DEPLOYMENT_TARGET = 15.0;
				LD_RUNPATH_SEARCH_PATHS = (
					"$(inherited)",
					"@executable_path/Frameworks",
					"@loader_path/Frameworks",
				);
				MARKETING_VERSION = 1.0;
				PRODUCT_BUNDLE_IDENTIFIER = com.libranner.projectRunTests;
				PRODUCT_NAME = "$(TARGET_NAME)";
				SWIFT_EMIT_LOC_STRINGS = NO;
				SWIFT_VERSION = 5.0;
				TARGETED_DEVICE_FAMILY = "1,2";
				TEST_HOST = "$(BUILT_PRODUCTS_DIR)/projectRun.app/projectRun";
			};
			name = Debug;
		};
		EE8F1D47273594DF00C3308E /* Release */ = {
			isa = XCBuildConfiguration;
			buildSettings = {
				ALWAYS_EMBED_SWIFT_STANDARD_LIBRARIES = YES;
				BUNDLE_LOADER = "$(TEST_HOST)";
				CODE_SIGN_STYLE = Automatic;
				CURRENT_PROJECT_VERSION = 1;
				DEVELOPMENT_TEAM = 437V95VV9R;
				GENERATE_INFOPLIST_FILE = YES;
				IPHONEOS_DEPLOYMENT_TARGET = 15.0;
				LD_RUNPATH_SEARCH_PATHS = (
					"$(inherited)",
					"@executable_path/Frameworks",
					"@loader_path/Frameworks",
				);
				MARKETING_VERSION = 1.0;
				PRODUCT_BUNDLE_IDENTIFIER = com.libranner.projectRunTests;
				PRODUCT_NAME = "$(TARGET_NAME)";
				SWIFT_EMIT_LOC_STRINGS = NO;
				SWIFT_VERSION = 5.0;
				TARGETED_DEVICE_FAMILY = "1,2";
				TEST_HOST = "$(BUILT_PRODUCTS_DIR)/projectRun.app/projectRun";
			};
			name = Release;
		};
		EE8F1D49273594DF00C3308E /* Debug */ = {
			isa = XCBuildConfiguration;
			buildSettings = {
				ALWAYS_EMBED_SWIFT_STANDARD_LIBRARIES = YES;
				CODE_SIGN_STYLE = Automatic;
				CURRENT_PROJECT_VERSION = 1;
				DEVELOPMENT_TEAM = 437V95VV9R;
				GENERATE_INFOPLIST_FILE = YES;
				LD_RUNPATH_SEARCH_PATHS = (
					"$(inherited)",
					"@executable_path/Frameworks",
					"@loader_path/Frameworks",
				);
				MARKETING_VERSION = 1.0;
				PRODUCT_BUNDLE_IDENTIFIER = com.libranner.projectRunUITests;
				PRODUCT_NAME = "$(TARGET_NAME)";
				SWIFT_EMIT_LOC_STRINGS = NO;
				SWIFT_VERSION = 5.0;
				TARGETED_DEVICE_FAMILY = "1,2";
				TEST_TARGET_NAME = projectRun;
			};
			name = Debug;
		};
		EE8F1D4A273594DF00C3308E /* Release */ = {
			isa = XCBuildConfiguration;
			buildSettings = {
				ALWAYS_EMBED_SWIFT_STANDARD_LIBRARIES = YES;
				CODE_SIGN_STYLE = Automatic;
				CURRENT_PROJECT_VERSION = 1;
				DEVELOPMENT_TEAM = 437V95VV9R;
				GENERATE_INFOPLIST_FILE = YES;
				LD_RUNPATH_SEARCH_PATHS = (
					"$(inherited)",
					"@executable_path/Frameworks",
					"@loader_path/Frameworks",
				);
				MARKETING_VERSION = 1.0;
				PRODUCT_BUNDLE_IDENTIFIER = com.libranner.projectRunUITests;
				PRODUCT_NAME = "$(TARGET_NAME)";
				SWIFT_EMIT_LOC_STRINGS = NO;
				SWIFT_VERSION = 5.0;
				TARGETED_DEVICE_FAMILY = "1,2";
				TEST_TARGET_NAME = projectRun;
			};
			name = Release;
		};
/* End XCBuildConfiguration section */

/* Begin XCConfigurationList section */
		632F874A2735C768008F2A5F /* Build configuration list for PBXNativeTarget "projectRunWatch WatchKit Extension" */ = {
			isa = XCConfigurationList;
			buildConfigurations = (
				632F87482735C768008F2A5F /* Debug */,
				632F87492735C768008F2A5F /* Release */,
			);
			defaultConfigurationIsVisible = 0;
			defaultConfigurationName = Release;
		};
		632F874B2735C768008F2A5F /* Build configuration list for PBXNativeTarget "projectRunWatch" */ = {
			isa = XCConfigurationList;
			buildConfigurations = (
				632F87452735C768008F2A5F /* Debug */,
				632F87462735C768008F2A5F /* Release */,
			);
			defaultConfigurationIsVisible = 0;
			defaultConfigurationName = Release;
		};
		EE8F1D14273594DD00C3308E /* Build configuration list for PBXProject "projectRun" */ = {
			isa = XCConfigurationList;
			buildConfigurations = (
				EE8F1D40273594DF00C3308E /* Debug */,
				EE8F1D41273594DF00C3308E /* Release */,
			);
			defaultConfigurationIsVisible = 0;
			defaultConfigurationName = Release;
		};
		EE8F1D42273594DF00C3308E /* Build configuration list for PBXNativeTarget "projectRun" */ = {
			isa = XCConfigurationList;
			buildConfigurations = (
				EE8F1D43273594DF00C3308E /* Debug */,
				EE8F1D44273594DF00C3308E /* Release */,
			);
			defaultConfigurationIsVisible = 0;
			defaultConfigurationName = Release;
		};
		EE8F1D45273594DF00C3308E /* Build configuration list for PBXNativeTarget "projectRunTests" */ = {
			isa = XCConfigurationList;
			buildConfigurations = (
				EE8F1D46273594DF00C3308E /* Debug */,
				EE8F1D47273594DF00C3308E /* Release */,
			);
			defaultConfigurationIsVisible = 0;
			defaultConfigurationName = Release;
		};
		EE8F1D48273594DF00C3308E /* Build configuration list for PBXNativeTarget "projectRunUITests" */ = {
			isa = XCConfigurationList;
			buildConfigurations = (
				EE8F1D49273594DF00C3308E /* Debug */,
				EE8F1D4A273594DF00C3308E /* Release */,
			);
			defaultConfigurationIsVisible = 0;
			defaultConfigurationName = Release;
		};
/* End XCConfigurationList section */

/* Begin XCVersionGroup section */
		EE8F1D27273594DF00C3308E /* projectRun.xcdatamodeld */ = {
			isa = XCVersionGroup;
			children = (
				EE8F1D28273594DF00C3308E /* projectRun.xcdatamodel */,
			);
			currentVersion = EE8F1D28273594DF00C3308E /* projectRun.xcdatamodel */;
			path = projectRun.xcdatamodeld;
			sourceTree = "<group>";
			versionGroupType = wrapper.xcdatamodel;
		};
/* End XCVersionGroup section */
	};
	rootObject = EE8F1D11273594DD00C3308E /* Project object */;
}
